
Microsoft Visual Studio Solution File, Format Version 12.00
# Visual Studio 15
VisualStudioVersion = 15.0.26430.15
MinimumVisualStudioVersion = 10.0.40219.1
Project("{FAE04EC0-301F-11D3-BF4B-00C04F79EFBC}") = "Ado.Net_ConnectedMode_HW3", "Ado.Net_ConnectedMode_HW3\Ado.Net_ConnectedMode_HW3.csproj", "{A7812301-2F24-48E5-B589-8FAB78FBD561}"
EndProject
Global
	GlobalSection(SolutionConfigurationPlatforms) = preSolution
		Debug|Any CPU = Debug|Any CPU
		Release|Any CPU = Release|Any CPU
	EndGlobalSection
	GlobalSection(ProjectConfigurationPlatforms) = postSolution
		{A7812301-2F24-48E5-B589-8FAB78FBD561}.Debug|Any CPU.ActiveCfg = Debug|Any CPU
		{A7812301-2F24-48E5-B589-8FAB78FBD561}.Debug|Any CPU.Build.0 = Debug|Any CPU
		{A7812301-2F24-48E5-B589-8FAB78FBD561}.Release|Any CPU.ActiveCfg = Release|Any CPU
		{A7812301-2F24-48E5-B589-8FAB78FBD561}.Release|Any CPU.Build.0 = Release|Any CPU
	EndGlobalSection
	GlobalSection(SolutionProperties) = preSolution
		HideSolutionNode = FALSE
	EndGlobalSection
EndGlobal
